
Microsoft Visual Studio Solution File, Format Version 12.00
# Visual Studio 15
VisualStudioVersion = 15.0.28307.1585
MinimumVisualStudioVersion = 10.0.40219.1
Project("{FAE04EC0-301F-11D3-BF4B-00C04F79EFBC}") = "TextFile", "TextFile\TextFile.csproj", "{E197FCE2-801F-4F75-8940-890E5A39B145}"
EndProject
Global
	GlobalSection(SolutionConfigurationPlatforms) = preSolution
		Debug|Any CPU = Debug|Any CPU
		Release|Any CPU = Release|Any CPU
	EndGlobalSection
	GlobalSection(ProjectConfigurationPlatforms) = postSolution
		{E197FCE2-801F-4F75-8940-890E5A39B145}.Debug|Any CPU.ActiveCfg = Debug|Any CPU
		{E197FCE2-801F-4F75-8940-890E5A39B145}.Debug|Any CPU.Build.0 = Debug|Any CPU
		{E197FCE2-801F-4F75-8940-890E5A39B145}.Release|Any CPU.ActiveCfg = Release|Any CPU
		{E197FCE2-801F-4F75-8940-890E5A39B145}.Release|Any CPU.Build.0 = Release|Any CPU
	EndGlobalSection
	GlobalSection(SolutionProperties) = preSolution
		HideSolutionNode = FALSE
	EndGlobalSection
	GlobalSection(ExtensibilityGlobals) = postSolution
		SolutionGuid = {88A5C25C-73E8-4BB3-BD47-8FBB9BD7F835}
	EndGlobalSection
EndGlobal
